{
  "name": "@writetome51/array-remove-duplicates",
  "version": "1.1.1",
  "lockfileVersion": 1,
  "requires": true,
  "dependencies": {
    "@writetome51/array-get-and-remove-duplicates": {
      "version": "1.0.3",
      "resolved": "https://registry.npmjs.org/@writetome51/array-get-and-remove-duplicates/-/array-get-and-remove-duplicates-1.0.3.tgz",
      "integrity": "sha512-bu7az8FGjTXcf7xaHUKhh3SnhW4M6QumTDUsZkEWdO9G1o6BhwVauwX0rHy/4dIXAqX4mVHKfr2v1ubY/uzZFw==",
      "requires": {
        "@writetome51/array-get-duplicates": "1.0.1",
        "@writetome51/array-remove-all-of-first-of": "1.0.4",
        "basic-data-handling": "1.0.13",
        "error-if-not-populated-array": "^1.0.0"
      }
    },
    "@writetome51/array-get-duplicates": {
      "version": "1.0.1",
      "resolved": "https://registry.npmjs.org/@writetome51/array-get-duplicates/-/array-get-duplicates-1.0.1.tgz",
      "integrity": "sha512-VBo0GFDF9D2hYcuu5G+NpkcG7Ez/6O/DDY+QRVhfiCe+OpYSLGaoNhxgbB5YttoNiGoK1+iZUp9wkLndeZZt6A=="
    },
    "@writetome51/array-get-indexes-basic": {
      "version": "1.0.6",
      "resolved": "https://registry.npmjs.org/@writetome51/array-get-indexes-basic/-/array-get-indexes-basic-1.0.6.tgz",
      "integrity": "sha512-iTrdbp2PR+ZYrIPAo6cpZZ3JwD37erhD0z5OZzEh1DaqhfBullBGzTAgo46RTMz4f/GyJ8EVlEzg7D8MO2QR2Q=="
    },
    "@writetome51/array-has": {
      "version": "1.0.5",
      "resolved": "https://registry.npmjs.org/@writetome51/array-has/-/array-has-1.0.5.tgz",
      "integrity": "sha512-kBFnbW0Rl9rUN4NBPChUVQ+4aGcySBqYktiGyGOLzq7OriZ2Vms67/xN//bkV7b54/JMM0trII+a65mK2vlG1w=="
    },
    "@writetome51/array-remove-all-of-first-of": {
      "version": "1.0.4",
      "resolved": "https://registry.npmjs.org/@writetome51/array-remove-all-of-first-of/-/array-remove-all-of-first-of-1.0.4.tgz",
      "integrity": "sha512-u8seQj8hEC/DTtPL3IBp8eSsq72bmnElhz5r8m7LD4EgR9ym9SFqHd5+IfGsPU4CtBW2JFUxWimM9T+nlnPdBg==",
      "requires": {
        "@writetome51/array-get-indexes-basic": "1.0.6",
        "@writetome51/array-has": "1.0.5",
        "@writetome51/array-remove-by-index": "1.0.0",
        "error-if-not-populated-array": "1.0.0"
      }
    },
    "@writetome51/array-remove-by-index": {
      "version": "1.0.0",
      "resolved": "https://registry.npmjs.org/@writetome51/array-remove-by-index/-/array-remove-by-index-1.0.0.tgz",
      "integrity": "sha512-TsaToxIJGVLVEmjC7F1ibQN9PQ/t7Kn24VGHC2QSOZ25hDguOv2h5RR7xsxx9V4zzES8JEbx+0EG4MLA+LLxBQ=="
    },
    "@writetome51/arrays-match": {
      "version": "1.0.2",
      "resolved": "https://registry.npmjs.org/@writetome51/arrays-match/-/arrays-match-1.0.2.tgz",
      "integrity": "sha512-A1+zLc2VbOcN9A29BFsyubt/w9OTbuA6ZOQJjPn381b/CEXWnglq2399Vt/310T/yRocQByycl8/JlrFbCN/Lg==",
      "dev": true
    },
    "basic-data-handling": {
      "version": "1.0.13",
      "resolved": "https://registry.npmjs.org/basic-data-handling/-/basic-data-handling-1.0.13.tgz",
      "integrity": "sha512-YRXUq0keESBb4XXzFAStPYJjviRx6CPPSzT/EfpMOLRfBrhnbBeKD2n+kfZyw2zvjreClf16xPF0tDjiLO+ogw=="
    },
    "error-if-not-populated-array": {
      "version": "1.0.0",
      "resolved": "https://registry.npmjs.org/error-if-not-populated-array/-/error-if-not-populated-array-1.0.0.tgz",
      "integrity": "sha512-MFSzXiKW7NfuDW4L1Cw6BO5Fb65I0poOefRNTEoa40UdpzljNHQnfchVr2bNjqboxRrEHcYBIz85mxCC+wSrFg=="
    }
  }
}
